
Microsoft Visual Studio Solution File, Format Version 12.00
# Visual Studio Version 16
VisualStudioVersion = 16.0.31205.134
MinimumVisualStudioVersion = 10.0.40219.1
Project("{FAE04EC0-301F-11D3-BF4B-00C04F79EFBC}") = "stroppa_socket_form", "stroppa_socket_form\stroppa_socket_form.csproj", "{3887E971-CEF7-4F7B-8B4B-10541916568E}"
EndProject
Global
	GlobalSection(SolutionConfigurationPlatforms) = preSolution
		Debug|Any CPU = Debug|Any CPU
		Release|Any CPU = Release|Any CPU
	EndGlobalSection
	GlobalSection(ProjectConfigurationPlatforms) = postSolution
		{3887E971-CEF7-4F7B-8B4B-10541916568E}.Debug|Any CPU.ActiveCfg = Debug|Any CPU
		{3887E971-CEF7-4F7B-8B4B-10541916568E}.Debug|Any CPU.Build.0 = Debug|Any CPU
		{3887E971-CEF7-4F7B-8B4B-10541916568E}.Release|Any CPU.ActiveCfg = Release|Any CPU
		{3887E971-CEF7-4F7B-8B4B-10541916568E}.Release|Any CPU.Build.0 = Release|Any CPU
	EndGlobalSection
	GlobalSection(SolutionProperties) = preSolution
		HideSolutionNode = FALSE
	EndGlobalSection
	GlobalSection(ExtensibilityGlobals) = postSolution
		SolutionGuid = {7F7DAAEF-1F27-4B84-AB6E-C36BC45E02FE}
	EndGlobalSection
EndGlobal
